
Microsoft Visual Studio Solution File, Format Version 12.00
# Visual Studio 2012
Project("{2150E333-8FDC-42A3-9474-1A3956D46DE8}") = "Solution Items", "Solution Items", "{077DA72C-0692-499D-B6EC-DF8D4E2CD8BF}"
EndProject
Project("{FAE04EC0-301F-11D3-BF4B-00C04F79EFBC}") = "Basil.Core", "Basil\Basil.Core.csproj", "{0A12D70C-032F-494B-8618-2064671AD122}"
EndProject
Project("{7CF6DF6D-3B04-46F8-A40B-537D21BCA0B4}") = "Basil.Documentation", "Basil.Documentation\Basil.Documentation.shfbproj", "{44069A2A-1C86-4F14-BF27-EDBAC9AB655F}"
EndProject
Project("{FAE04EC0-301F-11D3-BF4B-00C04F79EFBC}") = "Basil.Sample", "Basil.Sample\Basil.Sample.csproj", "{1E00491D-A8AA-4DF9-AA77-B47597F656E4}"
EndProject
Global
	GlobalSection(SolutionConfigurationPlatforms) = preSolution
		Debug|Any CPU = Debug|Any CPU
		Release|Any CPU = Release|Any CPU
	EndGlobalSection
	GlobalSection(ProjectConfigurationPlatforms) = postSolution
		{0A12D70C-032F-494B-8618-2064671AD122}.Debug|Any CPU.ActiveCfg = Debug|Any CPU
		{0A12D70C-032F-494B-8618-2064671AD122}.Debug|Any CPU.Build.0 = Debug|Any CPU
		{0A12D70C-032F-494B-8618-2064671AD122}.Release|Any CPU.ActiveCfg = Release|Any CPU
		{0A12D70C-032F-494B-8618-2064671AD122}.Release|Any CPU.Build.0 = Release|Any CPU
		{44069A2A-1C86-4F14-BF27-EDBAC9AB655F}.Debug|Any CPU.ActiveCfg = Debug|Any CPU
		{44069A2A-1C86-4F14-BF27-EDBAC9AB655F}.Debug|Any CPU.Build.0 = Debug|Any CPU
		{44069A2A-1C86-4F14-BF27-EDBAC9AB655F}.Release|Any CPU.ActiveCfg = Release|Any CPU
		{44069A2A-1C86-4F14-BF27-EDBAC9AB655F}.Release|Any CPU.Build.0 = Release|Any CPU
		{1E00491D-A8AA-4DF9-AA77-B47597F656E4}.Debug|Any CPU.ActiveCfg = Debug|Any CPU
		{1E00491D-A8AA-4DF9-AA77-B47597F656E4}.Debug|Any CPU.Build.0 = Debug|Any CPU
		{1E00491D-A8AA-4DF9-AA77-B47597F656E4}.Release|Any CPU.ActiveCfg = Release|Any CPU
		{1E00491D-A8AA-4DF9-AA77-B47597F656E4}.Release|Any CPU.Build.0 = Release|Any CPU
	EndGlobalSection
	GlobalSection(SolutionProperties) = preSolution
		HideSolutionNode = FALSE
	EndGlobalSection
EndGlobal
